
Microsoft Visual Studio Solution File, Format Version 12.00
# Visual Studio Version 17
VisualStudioVersion = 17.7.34031.279
MinimumVisualStudioVersion = 10.0.40219.1
Project("{9A19103F-16F7-4668-BE54-9A1E7A4F7556}") = "TreasureApp", "TreasureApp\TreasureApp.csproj", "{08E74AFE-AB1B-4404-93E6-BF64DFA166AF}"
EndProject
Project("{9A19103F-16F7-4668-BE54-9A1E7A4F7556}") = "GameLogic", "GameLogic\GameLogic.csproj", "{40641EF0-6D52-4C5E-A61F-36FCDF7F0794}"
EndProject
Project("{FAE04EC0-301F-11D3-BF4B-00C04F79EFBC}") = "Tests", "Tests\Tests.csproj", "{A09F5D94-E2D7-4F92-A60F-77CC8899FE28}"
EndProject
Global
	GlobalSection(SolutionConfigurationPlatforms) = preSolution
		Debug|Any CPU = Debug|Any CPU
		Release|Any CPU = Release|Any CPU
	EndGlobalSection
	GlobalSection(ProjectConfigurationPlatforms) = postSolution
		{08E74AFE-AB1B-4404-93E6-BF64DFA166AF}.Debug|Any CPU.ActiveCfg = Debug|Any CPU
		{08E74AFE-AB1B-4404-93E6-BF64DFA166AF}.Debug|Any CPU.Build.0 = Debug|Any CPU
		{08E74AFE-AB1B-4404-93E6-BF64DFA166AF}.Release|Any CPU.ActiveCfg = Release|Any CPU
		{08E74AFE-AB1B-4404-93E6-BF64DFA166AF}.Release|Any CPU.Build.0 = Release|Any CPU
		{40641EF0-6D52-4C5E-A61F-36FCDF7F0794}.Debug|Any CPU.ActiveCfg = Debug|Any CPU
		{40641EF0-6D52-4C5E-A61F-36FCDF7F0794}.Debug|Any CPU.Build.0 = Debug|Any CPU
		{40641EF0-6D52-4C5E-A61F-36FCDF7F0794}.Release|Any CPU.ActiveCfg = Release|Any CPU
		{40641EF0-6D52-4C5E-A61F-36FCDF7F0794}.Release|Any CPU.Build.0 = Release|Any CPU
		{A09F5D94-E2D7-4F92-A60F-77CC8899FE28}.Debug|Any CPU.ActiveCfg = Debug|Any CPU
		{A09F5D94-E2D7-4F92-A60F-77CC8899FE28}.Debug|Any CPU.Build.0 = Debug|Any CPU
		{A09F5D94-E2D7-4F92-A60F-77CC8899FE28}.Release|Any CPU.ActiveCfg = Release|Any CPU
		{A09F5D94-E2D7-4F92-A60F-77CC8899FE28}.Release|Any CPU.Build.0 = Release|Any CPU
	EndGlobalSection
	GlobalSection(SolutionProperties) = preSolution
		HideSolutionNode = FALSE
	EndGlobalSection
	GlobalSection(ExtensibilityGlobals) = postSolution
		SolutionGuid = {C238BBD0-436B-4318-B75D-2CF478F6C59A}
	EndGlobalSection
EndGlobal
